
Microsoft Visual Studio Solution File, Format Version 12.00
# Visual Studio Version 16
VisualStudioVersion = 16.0.30413.136
MinimumVisualStudioVersion = 10.0.40219.1
Project("{FAE04EC0-301F-11D3-BF4B-00C04F79EFBC}") = "Gifter", "Gifter\Gifter.csproj", "{0604BC25-3694-4D33-8F27-6845C58153ED}"
EndProject
Global
	GlobalSection(SolutionConfigurationPlatforms) = preSolution
		Debug|Any CPU = Debug|Any CPU
		Release|Any CPU = Release|Any CPU
	EndGlobalSection
	GlobalSection(ProjectConfigurationPlatforms) = postSolution
		{0604BC25-3694-4D33-8F27-6845C58153ED}.Debug|Any CPU.ActiveCfg = Debug|Any CPU
		{0604BC25-3694-4D33-8F27-6845C58153ED}.Debug|Any CPU.Build.0 = Debug|Any CPU
		{0604BC25-3694-4D33-8F27-6845C58153ED}.Release|Any CPU.ActiveCfg = Release|Any CPU
		{0604BC25-3694-4D33-8F27-6845C58153ED}.Release|Any CPU.Build.0 = Release|Any CPU
	EndGlobalSection
	GlobalSection(SolutionProperties) = preSolution
		HideSolutionNode = FALSE
	EndGlobalSection
	GlobalSection(ExtensibilityGlobals) = postSolution
		SolutionGuid = {6D716C90-FEEA-487E-92B4-EDD60262DCD1}
	EndGlobalSection
EndGlobal
